<Solution>
  <Project Path="Assembly-CSharp.csproj" />
  <Project Path="FMODUnityResonanceEditor.csproj" />
  <Project Path="Assembly-CSharp-firstpass.csproj" />
  <Project Path="FMODUnityEditor.csproj" />
  <Project Path="FMODUnity.csproj" />
  <Project Path="FMODUnityHaptics.csproj" />
  <Project Path="Lugu.PrefabPainter.Editor.csproj" />
  <Project Path="Assembly-CSharp-Editor-firstpass.csproj" />
  <Project Path="FMODUnityResonance.csproj" />
  <Project Path="Lugu.SceneLoader.Editor.csproj" />
  <Project Path="Lugu.BatchRenamer.Editor.csproj" />
</Solution>
